
Microsoft Visual Studio Solution File, Format Version 12.00
# Visual Studio Version 16
VisualStudioVersion = 16.0.29509.3
MinimumVisualStudioVersion = 10.0.40219.1
Project("{FAE04EC0-301F-11D3-BF4B-00C04F79EFBC}") = "ChessWebAspNetCore", "ChessWebAspNetCore\ChessWebAspNetCore.csproj", "{0BE99A70-DA58-49D5-919D-7C12C864DC42}"
EndProject
Global
	GlobalSection(SolutionConfigurationPlatforms) = preSolution
		Debug|Any CPU = Debug|Any CPU
		Release|Any CPU = Release|Any CPU
	EndGlobalSection
	GlobalSection(ProjectConfigurationPlatforms) = postSolution
		{0BE99A70-DA58-49D5-919D-7C12C864DC42}.Debug|Any CPU.ActiveCfg = Debug|Any CPU
		{0BE99A70-DA58-49D5-919D-7C12C864DC42}.Debug|Any CPU.Build.0 = Debug|Any CPU
		{0BE99A70-DA58-49D5-919D-7C12C864DC42}.Release|Any CPU.ActiveCfg = Release|Any CPU
		{0BE99A70-DA58-49D5-919D-7C12C864DC42}.Release|Any CPU.Build.0 = Release|Any CPU
	EndGlobalSection
	GlobalSection(SolutionProperties) = preSolution
		HideSolutionNode = FALSE
	EndGlobalSection
	GlobalSection(ExtensibilityGlobals) = postSolution
		SolutionGuid = {628D9ED3-8D0D-41A6-B599-9AB8AE0CAF40}
	EndGlobalSection
EndGlobal
